
Microsoft Visual Studio Solution File, Format Version 12.00
# Visual Studio 2013
VisualStudioVersion = 12.0.21005.1
MinimumVisualStudioVersion = 10.0.40219.1
Project("{FAE04EC0-301F-11D3-BF4B-00C04F79EFBC}") = "TaskMvc", "TaskMvc\TaskMvc.csproj", "{24692FB2-C3D7-48F3-AD59-AA4FC09A4CAC}"
EndProject
Project("{FAE04EC0-301F-11D3-BF4B-00C04F79EFBC}") = "BusinessLogic", "BusinessLogic\BusinessLogic.csproj", "{06F3603B-AA73-422F-A4E4-FC5A0B0FF729}"
EndProject
Project("{FAE04EC0-301F-11D3-BF4B-00C04F79EFBC}") = "Domain", "Domain\Domain.csproj", "{144126D6-780D-4096-94C9-622682719154}"
EndProject
Global
	GlobalSection(SolutionConfigurationPlatforms) = preSolution
		Debug|Any CPU = Debug|Any CPU
		Release|Any CPU = Release|Any CPU
	EndGlobalSection
	GlobalSection(ProjectConfigurationPlatforms) = postSolution
		{24692FB2-C3D7-48F3-AD59-AA4FC09A4CAC}.Debug|Any CPU.ActiveCfg = Debug|Any CPU
		{24692FB2-C3D7-48F3-AD59-AA4FC09A4CAC}.Debug|Any CPU.Build.0 = Debug|Any CPU
		{24692FB2-C3D7-48F3-AD59-AA4FC09A4CAC}.Release|Any CPU.ActiveCfg = Release|Any CPU
		{24692FB2-C3D7-48F3-AD59-AA4FC09A4CAC}.Release|Any CPU.Build.0 = Release|Any CPU
		{06F3603B-AA73-422F-A4E4-FC5A0B0FF729}.Debug|Any CPU.ActiveCfg = Debug|Any CPU
		{06F3603B-AA73-422F-A4E4-FC5A0B0FF729}.Debug|Any CPU.Build.0 = Debug|Any CPU
		{06F3603B-AA73-422F-A4E4-FC5A0B0FF729}.Release|Any CPU.ActiveCfg = Release|Any CPU
		{06F3603B-AA73-422F-A4E4-FC5A0B0FF729}.Release|Any CPU.Build.0 = Release|Any CPU
		{144126D6-780D-4096-94C9-622682719154}.Debug|Any CPU.ActiveCfg = Debug|Any CPU
		{144126D6-780D-4096-94C9-622682719154}.Debug|Any CPU.Build.0 = Debug|Any CPU
		{144126D6-780D-4096-94C9-622682719154}.Release|Any CPU.ActiveCfg = Release|Any CPU
		{144126D6-780D-4096-94C9-622682719154}.Release|Any CPU.Build.0 = Release|Any CPU
	EndGlobalSection
	GlobalSection(SolutionProperties) = preSolution
		HideSolutionNode = FALSE
	EndGlobalSection
EndGlobal
